Microsoft Visual Studio Solution File, Format Version 12.00
# Visual Studio Version 17
VisualStudioVersion = 17.1.32228.430
MinimumVisualStudioVersion = 10.0.40219.1
Project("{FAE04EC0-301F-11D3-BF4B-00C04F79EFBC}") = "WeatherForecastSystem.Client", "WeatherForecastSystem.Client\WeatherForecastSystem.Client.csproj", "{00FE0693-B404-4AC1-A56A-7E8F91F8BAB6}"
EndProject
Project("{FAE04EC0-301F-11D3-BF4B-00C04F79EFBC}") = "WeatherForecastSystem.RedisLogic", "WeatherForecastSystem.RedisLogic\WeatherForecastSystem.RedisLogic.csproj", "{AE505A7E-C41D-48AF-A9C4-F9622D357286}"
EndProject
Project("{FAE04EC0-301F-11D3-BF4B-00C04F79EFBC}") = "WeatherForecastSystem.Database", "WeatherForecastSystem.Database\WeatherForecastSystem.Database.csproj", "{C36EDFC1-AAE7-41CE-B8A1-EE604F282E29}"
EndProject
Project("{FAE04EC0-301F-11D3-BF4B-00C04F79EFBC}") = "WeatherForecastSystem.Repository", "WeatherForecastSystem.Repository\WeatherForecastSystem.Repository.csproj", "{289D6768-7577-4193-AFB0-3CD37BD5BEF8}"
EndProject
Project("{FAE04EC0-301F-11D3-BF4B-00C04F79EFBC}") = "WeatherForecastSystem.Core", "WeatherForecastSystem.Core\WeatherForecastSystem.Core.csproj", "{77B9B379-8A45-4C56-9FCE-72C3C4F1D101}"
EndProject
Project("{FAE04EC0-301F-11D3-BF4B-00C04F79EFBC}") = "WeatherForecastSystem.CityDriver", "WeatherForecastSystem.CityDriver\WeatherForecastSystem.CityDriver.csproj", "{6A347CFC-F698-4D13-B03D-34A793D75BC5}"
EndProject
Project("{FAE04EC0-301F-11D3-BF4B-00C04F79EFBC}") = "WeatherForecastSystem.ServiceBusLogic", "WeatherForecastSystem.ServiceBusLogic\WeatherForecastSystem.ServiceBusLogic.csproj", "{4F616ACD-C116-44F1-8A91-A6884A330985}"
EndProject
Project("{FAE04EC0-301F-11D3-BF4B-00C04F79EFBC}") = "WeatherForecastSystem.Logic", "WeatherForecastSystem.Logic\WeatherForecastSystem.Logic.csproj", "{18F26418-AF75-47F0-A249-6715C9E7204C}"
EndProject
Project("{FAE04EC0-301F-11D3-BF4B-00C04F79EFBC}") = "WeatherForecastSystem.Functions", "WeatherForecastSystem.Functions\WeatherForecastSystem.Functions.csproj", "{09C7B15D-46DF-4148-B5E5-E6FDB9872AD1}"
EndProject
Project("{FAE04EC0-301F-11D3-BF4B-00C04F79EFBC}") = "WeatherForecastSystem.MediatR", "WeatherForecastSystem.MediatR\WeatherForecastSystem.MediatR.csproj", "{C4BD096F-2E8F-40FE-9A34-686063EBEF66}"
EndProject
Project("{FAE04EC0-301F-11D3-BF4B-00C04F79EFBC}") = "WeatherForecastSystem.ScrapeDriver", "WeatherForecastSystem.ScrapeDriver\WeatherForecastSystem.ScrapeDriver.csproj", "{63C84ACD-2C7E-41BB-91AB-B4E3DB0D5F9B}"
EndProject
Global
	GlobalSection(ProjectConfigurationPlatforms) = postSolution
		{00FE0693-B404-4AC1-A56A-7E8F91F8BAB6}.Debug|Any CPU.ActiveCfg = Debug|Any CPU
		{00FE0693-B404-4AC1-A56A-7E8F91F8BAB6}.Debug|Any CPU.Build.0 = Debug|Any CPU
		{00FE0693-B404-4AC1-A56A-7E8F91F8BAB6}.Release|Any CPU.ActiveCfg = Release|Any CPU
		{00FE0693-B404-4AC1-A56A-7E8F91F8BAB6}.Release|Any CPU.Build.0 = Release|Any CPU
		{AE505A7E-C41D-48AF-A9C4-F9622D357286}.Debug|Any CPU.ActiveCfg = Debug|Any CPU
		{AE505A7E-C41D-48AF-A9C4-F9622D357286}.Debug|Any CPU.Build.0 = Debug|Any CPU
		{AE505A7E-C41D-48AF-A9C4-F9622D357286}.Release|Any CPU.ActiveCfg = Release|Any CPU
		{AE505A7E-C41D-48AF-A9C4-F9622D357286}.Release|Any CPU.Build.0 = Release|Any CPU
		{C36EDFC1-AAE7-41CE-B8A1-EE604F282E29}.Debug|Any CPU.ActiveCfg = Debug|Any CPU
		{C36EDFC1-AAE7-41CE-B8A1-EE604F282E29}.Debug|Any CPU.Build.0 = Debug|Any CPU
		{C36EDFC1-AAE7-41CE-B8A1-EE604F282E29}.Release|Any CPU.ActiveCfg = Release|Any CPU
		{C36EDFC1-AAE7-41CE-B8A1-EE604F282E29}.Release|Any CPU.Build.0 = Release|Any CPU
		{289D6768-7577-4193-AFB0-3CD37BD5BEF8}.Debug|Any CPU.ActiveCfg = Debug|Any CPU
		{289D6768-7577-4193-AFB0-3CD37BD5BEF8}.Debug|Any CPU.Build.0 = Debug|Any CPU
		{289D6768-7577-4193-AFB0-3CD37BD5BEF8}.Release|Any CPU.ActiveCfg = Release|Any CPU
		{289D6768-7577-4193-AFB0-3CD37BD5BEF8}.Release|Any CPU.Build.0 = Release|Any CPU
		{77B9B379-8A45-4C56-9FCE-72C3C4F1D101}.Debug|Any CPU.ActiveCfg = Debug|Any CPU
		{77B9B379-8A45-4C56-9FCE-72C3C4F1D101}.Debug|Any CPU.Build.0 = Debug|Any CPU
		{77B9B379-8A45-4C56-9FCE-72C3C4F1D101}.Release|Any CPU.ActiveCfg = Release|Any CPU
		{77B9B379-8A45-4C56-9FCE-72C3C4F1D101}.Release|Any CPU.Build.0 = Release|Any CPU
		{6A347CFC-F698-4D13-B03D-34A793D75BC5}.Debug|Any CPU.ActiveCfg = Debug|Any CPU
		{6A347CFC-F698-4D13-B03D-34A793D75BC5}.Debug|Any CPU.Build.0 = Debug|Any CPU
		{6A347CFC-F698-4D13-B03D-34A793D75BC5}.Release|Any CPU.ActiveCfg = Release|Any CPU
		{6A347CFC-F698-4D13-B03D-34A793D75BC5}.Release|Any CPU.Build.0 = Release|Any CPU
		{4F616ACD-C116-44F1-8A91-A6884A330985}.Debug|Any CPU.ActiveCfg = Debug|Any CPU
		{4F616ACD-C116-44F1-8A91-A6884A330985}.Debug|Any CPU.Build.0 = Debug|Any CPU
		{4F616ACD-C116-44F1-8A91-A6884A330985}.Release|Any CPU.ActiveCfg = Release|Any CPU
		{4F616ACD-C116-44F1-8A91-A6884A330985}.Release|Any CPU.Build.0 = Release|Any CPU
		{18F26418-AF75-47F0-A249-6715C9E7204C}.Debug|Any CPU.ActiveCfg = Debug|Any CPU
		{18F26418-AF75-47F0-A249-6715C9E7204C}.Debug|Any CPU.Build.0 = Debug|Any CPU
		{18F26418-AF75-47F0-A249-6715C9E7204C}.Release|Any CPU.ActiveCfg = Release|Any CPU
		{18F26418-AF75-47F0-A249-6715C9E7204C}.Release|Any CPU.Build.0 = Release|Any CPU
		{09C7B15D-46DF-4148-B5E5-E6FDB9872AD1}.Debug|Any CPU.ActiveCfg = Debug|Any CPU
		{09C7B15D-46DF-4148-B5E5-E6FDB9872AD1}.Debug|Any CPU.Build.0 = Debug|Any CPU
		{09C7B15D-46DF-4148-B5E5-E6FDB9872AD1}.Release|Any CPU.ActiveCfg = Release|Any CPU
		{09C7B15D-46DF-4148-B5E5-E6FDB9872AD1}.Release|Any CPU.Build.0 = Release|Any CPU
		{C4BD096F-2E8F-40FE-9A34-686063EBEF66}.Debug|Any CPU.ActiveCfg = Debug|Any CPU
		{C4BD096F-2E8F-40FE-9A34-686063EBEF66}.Debug|Any CPU.Build.0 = Debug|Any CPU
		{C4BD096F-2E8F-40FE-9A34-686063EBEF66}.Release|Any CPU.ActiveCfg = Release|Any CPU
		{C4BD096F-2E8F-40FE-9A34-686063EBEF66}.Release|Any CPU.Build.0 = Release|Any CPU
		{63C84ACD-2C7E-41BB-91AB-B4E3DB0D5F9B}.Debug|Any CPU.ActiveCfg = Debug|Any CPU
		{63C84ACD-2C7E-41BB-91AB-B4E3DB0D5F9B}.Debug|Any CPU.Build.0 = Debug|Any CPU
		{63C84ACD-2C7E-41BB-91AB-B4E3DB0D5F9B}.Release|Any CPU.ActiveCfg = Release|Any CPU
		{63C84ACD-2C7E-41BB-91AB-B4E3DB0D5F9B}.Release|Any CPU.Build.0 = Release|Any CPU
	EndGlobalSection
	GlobalSection(SolutionConfigurationPlatforms) = preSolution
		Debug|Any CPU = Debug|Any CPU
		Release|Any CPU = Release|Any CPU
	EndGlobalSection
EndGlobal
